// !$*UTF8*$!
{
	archiveVersion = 1;
	classes = {
	};
	objectVersion = 77;
	objects = {

/* Begin PBXBuildFile section */
		EFF072F82FC327D1001D748E /* ComposableArchitecture in Frameworks */ = {isa = PBXBuildFile; productRef = EFF072F72FC327D1001D748E /* ComposableArchitecture */; };
		EFF073BE2FC32948001D748E /* Assets.xcassets in Resources */ = {isa = PBXBuildFile; fileRef = EFF073BB2FC32948001D748E /* Assets.xcassets */; };
		EFF074262FC329A8001D748E /* CollectionView.swift in Sources */ = {isa = PBXBuildFile; fileRef = EFF0740D2FC329A8001D748E /* CollectionView.swift */; };
		EFF074272FC329A8001D748E /* AppFeature.swift in Sources */ = {isa = PBXBuildFile; fileRef = EFF074082FC329A8001D748E /* AppFeature.swift */; };
		EFF074282FC329A8001D748E /* CSVExporter.swift in Sources */ = {isa = PBXBuildFile; fileRef = EFF074022FC329A8001D748E /* CSVExporter.swift */; };
		EFF074292FC329A8001D748E /* iTunesClient.swift in Sources */ = {isa = PBXBuildFile; fileRef = EFF074042FC329A8001D748E /* iTunesClient.swift */; };
		EFF0742A2FC329A8001D748E /* Theme.swift in Sources */ = {isa = PBXBuildFile; fileRef = EFF074222FC329A8001D748E /* Theme.swift */; };
		EFF0742B2FC329A8001D748E /* Record.swift in Sources */ = {isa = PBXBuildFile; fileRef = EFF0741C2FC329A8001D748E /* Record.swift */; };
		EFF0742C2FC329A8001D748E /* AudioPlayer.swift in Sources */ = {isa = PBXBuildFile; fileRef = EFF074012FC329A8001D748E /* AudioPlayer.swift */; };
		EFF0742D2FC329A8001D748E /* SettingsView.swift in Sources */ = {isa = PBXBuildFile; fileRef = EFF074162FC329A8001D748E /* SettingsView.swift */; };
		EFF0742E2FC329A8001D748E /* StatsFeature.swift in Sources */ = {isa = PBXBuildFile; fileRef = EFF074182FC329A8001D748E /* StatsFeature.swift */; };
		EFF0742F2FC329A8001D748E /* MusicBrainzClient.swift in Sources */ = {isa = PBXBuildFile; fileRef = EFF074052FC329A8001D748E /* MusicBrainzClient.swift */; };
		EFF074302FC329A8001D748E /* EditView.swift in Sources */ = {isa = PBXBuildFile; fileRef = EFF074132FC329A8001D748E /* EditView.swift */; };
		EFF074312FC329A8001D748E /* VinylView.swift in Sources */ = {isa = PBXBuildFile; fileRef = EFF074232FC329A8001D748E /* VinylView.swift */; };
		EFF074322FC329A8001D748E /* AppearanceSetup.swift in Sources */ = {isa = PBXBuildFile; fileRef = EFF0741F2FC329A8001D748E /* AppearanceSetup.swift */; };
		EFF074332FC329A8001D748E /* SettingsFeature.swift in Sources */ = {isa = PBXBuildFile; fileRef = EFF074152FC329A8001D748E /* SettingsFeature.swift */; };
		EFF074342FC329A8001D748E /* VinCoApp.swift in Sources */ = {isa = PBXBuildFile; fileRef = EFF074252FC329A8001D748E /* VinCoApp.swift */; };
		EFF074352FC329A8001D748E /* Settings.swift in Sources */ = {isa = PBXBuildFile; fileRef = EFF074212FC329A8001D748E /* Settings.swift */; };
		EFF074362FC329A8001D748E /* DetailView.swift in Sources */ = {isa = PBXBuildFile; fileRef = EFF074102FC329A8001D748E /* DetailView.swift */; };
		EFF074372FC329A8001D748E /* DetailFeature.swift in Sources */ = {isa = PBXBuildFile; fileRef = EFF0740F2FC329A8001D748E /* DetailFeature.swift */; };
		EFF074382FC329A8001D748E /* CardView.swift in Sources */ = {isa = PBXBuildFile; fileRef = EFF0740B2FC329A8001D748E /* CardView.swift */; };
		EFF074392FC329A8001D748E /* AppView.swift in Sources */ = {isa = PBXBuildFile; fileRef = EFF074092FC329A8001D748E /* AppView.swift */; };
		EFF0743A2FC329A8001D748E /* DiscogsClient.swift in Sources */ = {isa = PBXBuildFile; fileRef = EFF074032FC329A8001D748E /* DiscogsClient.swift */; };
		EFF0743B2FC329A8001D748E /* Track.swift in Sources */ = {isa = PBXBuildFile; fileRef = EFF0741D2FC329A8001D748E /* Track.swift */; };
		EFF0743C2FC329A8001D748E /* Color+Hex.swift in Sources */ = {isa = PBXBuildFile; fileRef = EFF074202FC329A8001D748E /* Color+Hex.swift */; };
		EFF0743D2FC329A8001D748E /* StatsView.swift in Sources */ = {isa = PBXBuildFile; fileRef = EFF074192FC329A8001D748E /* StatsView.swift */; };
		EFF0743E2FC329A8001D748E /* CollectionFeature.swift in Sources */ = {isa = PBXBuildFile; fileRef = EFF0740C2FC329A8001D748E /* CollectionFeature.swift */; };
		EFF0743F2FC329A8001D748E /* EditFeature.swift in Sources */ = {isa = PBXBuildFile; fileRef = EFF074122FC329A8001D748E /* EditFeature.swift */; };
		EFF074402FC329A8001D748E /* ColorExtractor.swift in Sources */ = {isa = PBXBuildFile; fileRef = EFF074412FC329A8001D748E /* ColorExtractor.swift */; };
		EFF074452FC329A8001D748E /* VinCo-Icon-Sky.png in Resources */ = {isa = PBXBuildFile; fileRef = EFF074442FC329A8001D748E /* VinCo-Icon-Sky.png */; };
		EFF074472FC329A8001D748E /* VinCo-Icon-Violet.png in Resources */ = {isa = PBXBuildFile; fileRef = EFF074462FC329A8001D748E /* VinCo-Icon-Violet.png */; };
		EFF074492FC329A8001D748E /* VinCo-Icon-Mint.png in Resources */ = {isa = PBXBuildFile; fileRef = EFF074482FC329A8001D748E /* VinCo-Icon-Mint.png */; };
		EFF0744B2FC329A8001D748E /* VinCo-Icon-Rose.png in Resources */ = {isa = PBXBuildFile; fileRef = EFF0744A2FC329A8001D748E /* VinCo-Icon-Rose.png */; };
		EFF0744D2FC329A8001D748E /* VinCo-Icon-Lemon.png in Resources */ = {isa = PBXBuildFile; fileRef = EFF0744C2FC329A8001D748E /* VinCo-Icon-Lemon.png */; };
		EFF0744F2FC329A8001D748E /* VinCo-Icon-Coral.png in Resources */ = {isa = PBXBuildFile; fileRef = EFF0744E2FC329A8001D748E /* VinCo-Icon-Coral.png */; };
		EFF074512FC329A8001D748E /* VinCo-Icon-Teal.png in Resources */ = {isa = PBXBuildFile; fileRef = EFF074502FC329A8001D748E /* VinCo-Icon-Teal.png */; };
		EFF074532FC329A8001D748E /* VinCo-Icon-Indigo.png in Resources */ = {isa = PBXBuildFile; fileRef = EFF074522FC329A8001D748E /* VinCo-Icon-Indigo.png */; };
		EFF074552FC329A8001D748E /* VinCo-Icon-Peach.png in Resources */ = {isa = PBXBuildFile; fileRef = EFF074542FC329A8001D748E /* VinCo-Icon-Peach.png */; };
		EFF074572FC329A8001D748E /* VinCo-Icon-Lime.png in Resources */ = {isa = PBXBuildFile; fileRef = EFF074562FC329A8001D748E /* VinCo-Icon-Lime.png */; };
		EFF074592FC329A8001D748E /* VinCo-Icon-Lavender.png in Resources */ = {isa = PBXBuildFile; fileRef = EFF074582FC329A8001D748E /* VinCo-Icon-Lavender.png */; };
		EFF0745B2FC329A8001D748E /* VinCo-Icon-Crimson.png in Resources */ = {isa = PBXBuildFile; fileRef = EFF0745A2FC329A8001D748E /* VinCo-Icon-Crimson.png */; };
		EFF0745D2FC329A8001D748E /* VinCo-Icon-Turquoise.png in Resources */ = {isa = PBXBuildFile; fileRef = EFF0745C2FC329A8001D748E /* VinCo-Icon-Turquoise.png */; };
		EFF0745F2FC329A8001D748E /* VinCo-Icon-Gold.png in Resources */ = {isa = PBXBuildFile; fileRef = EFF0745E2FC329A8001D748E /* VinCo-Icon-Gold.png */; };
		EFF074612FC329A8001D748E /* VinCo-Icon-Silver.png in Resources */ = {isa = PBXBuildFile; fileRef = EFF074602FC329A8001D748E /* VinCo-Icon-Silver.png */; };
/* End PBXBuildFile section */

/* Begin PBXFileReference section */
		EFF072E62FC3279D001D748E /* VinCo.app */ = {isa = PBXFileReference; explicitFileType = wrapper.application; includeInIndex = 0; path = VinCo.app; sourceTree = BUILT_PRODUCTS_DIR; };
		EFF073BB2FC32948001D748E /* Assets.xcassets */ = {isa = PBXFileReference; lastKnownFileType = folder.assetcatalog; path = Assets.xcassets; sourceTree = "<group>"; };
		EFF074012FC329A8001D748E /* AudioPlayer.swift */ = {isa = PBXFileReference; lastKnownFileType = sourcecode.swift; path = AudioPlayer.swift; sourceTree = "<group>"; };
		EFF074022FC329A8001D748E /* CSVExporter.swift */ = {isa = PBXFileReference; lastKnownFileType = sourcecode.swift; path = CSVExporter.swift; sourceTree = "<group>"; };
		EFF074032FC329A8001D748E /* DiscogsClient.swift */ = {isa = PBXFileReference; lastKnownFileType = sourcecode.swift; path = DiscogsClient.swift; sourceTree = "<group>"; };
		EFF074042FC329A8001D748E /* iTunesClient.swift */ = {isa = PBXFileReference; lastKnownFileType = sourcecode.swift; path = iTunesClient.swift; sourceTree = "<group>"; };
		EFF074052FC329A8001D748E /* MusicBrainzClient.swift */ = {isa = PBXFileReference; lastKnownFileType = sourcecode.swift; path = MusicBrainzClient.swift; sourceTree = "<group>"; };
		EFF074082FC329A8001D748E /* AppFeature.swift */ = {isa = PBXFileReference; lastKnownFileType = sourcecode.swift; path = AppFeature.swift; sourceTree = "<group>"; };
		EFF074092FC329A8001D748E /* AppView.swift */ = {isa = PBXFileReference; lastKnownFileType = sourcecode.swift; path = AppView.swift; sourceTree = "<group>"; };
		EFF0740B2FC329A8001D748E /* CardView.swift */ = {isa = PBXFileReference; lastKnownFileType = sourcecode.swift; path = CardView.swift; sourceTree = "<group>"; };
		EFF0740C2FC329A8001D748E /* CollectionFeature.swift */ = {isa = PBXFileReference; lastKnownFileType = sourcecode.swift; path = CollectionFeature.swift; sourceTree = "<group>"; };
		EFF0740D2FC329A8001D748E /* CollectionView.swift */ = {isa = PBXFileReference; lastKnownFileType = sourcecode.swift; path = CollectionView.swift; sourceTree = "<group>"; };
		EFF0740F2FC329A8001D748E /* DetailFeature.swift */ = {isa = PBXFileReference; lastKnownFileType = sourcecode.swift; path = DetailFeature.swift; sourceTree = "<group>"; };
		EFF074102FC329A8001D748E /* DetailView.swift */ = {isa = PBXFileReference; lastKnownFileType = sourcecode.swift; path = DetailView.swift; sourceTree = "<group>"; };
		EFF074122FC329A8001D748E /* EditFeature.swift */ = {isa = PBXFileReference; lastKnownFileType = sourcecode.swift; path = EditFeature.swift; sourceTree = "<group>"; };
		EFF074132FC329A8001D748E /* EditView.swift */ = {isa = PBXFileReference; lastKnownFileType = sourcecode.swift; path = EditView.swift; sourceTree = "<group>"; };
		EFF074152FC329A8001D748E /* SettingsFeature.swift */ = {isa = PBXFileReference; lastKnownFileType = sourcecode.swift; path = SettingsFeature.swift; sourceTree = "<group>"; };
		EFF074162FC329A8001D748E /* SettingsView.swift */ = {isa = PBXFileReference; lastKnownFileType = sourcecode.swift; path = SettingsView.swift; sourceTree = "<group>"; };
		EFF074182FC329A8001D748E /* StatsFeature.swift */ = {isa = PBXFileReference; lastKnownFileType = sourcecode.swift; path = StatsFeature.swift; sourceTree = "<group>"; };
		EFF074192FC329A8001D748E /* StatsView.swift */ = {isa = PBXFileReference; lastKnownFileType = sourcecode.swift; path = StatsView.swift; sourceTree = "<group>"; };
		EFF0741C2FC329A8001D748E /* Record.swift */ = {isa = PBXFileReference; lastKnownFileType = sourcecode.swift; path = Record.swift; sourceTree = "<group>"; };
		EFF0741D2FC329A8001D748E /* Track.swift */ = {isa = PBXFileReference; lastKnownFileType = sourcecode.swift; path = Track.swift; sourceTree = "<group>"; };
		EFF0741F2FC329A8001D748E /* AppearanceSetup.swift */ = {isa = PBXFileReference; lastKnownFileType = sourcecode.swift; path = AppearanceSetup.swift; sourceTree = "<group>"; };
		EFF074202FC329A8001D748E /* Color+Hex.swift */ = {isa = PBXFileReference; lastKnownFileType = sourcecode.swift; path = "Color+Hex.swift"; sourceTree = "<group>"; };
		EFF074212FC329A8001D748E /* Settings.swift */ = {isa = PBXFileReference; lastKnownFileType = sourcecode.swift; path = Settings.swift; sourceTree = "<group>"; };
		EFF074222FC329A8001D748E /* Theme.swift */ = {isa = PBXFileReference; lastKnownFileType = sourcecode.swift; path = Theme.swift; sourceTree = "<group>"; };
		EFF074232FC329A8001D748E /* VinylView.swift */ = {isa = PBXFileReference; lastKnownFileType = sourcecode.swift; path = VinylView.swift; sourceTree = "<group>"; };
		EFF074252FC329A8001D748E /* VinCoApp.swift */ = {isa = PBXFileReference; lastKnownFileType = sourcecode.swift; path = VinCoApp.swift; sourceTree = "<group>"; };
		EFF074412FC329A8001D748E /* ColorExtractor.swift */ = {isa = PBXFileReference; lastKnownFileType = sourcecode.swift; path = ColorExtractor.swift; sourceTree = "<group>"; };
		EFF074422FC329A8001D748E /* Info.plist */ = {isa = PBXFileReference; lastKnownFileType = text.plist.xml; path = Info.plist; sourceTree = "<group>"; };
		EFF074442FC329A8001D748E /* VinCo-Icon-Sky.png */ = {isa = PBXFileReference; lastKnownFileType = image.png; path = "VinCo-Icon-Sky.png"; sourceTree = "<group>"; };
		EFF074462FC329A8001D748E /* VinCo-Icon-Violet.png */ = {isa = PBXFileReference; lastKnownFileType = image.png; path = "VinCo-Icon-Violet.png"; sourceTree = "<group>"; };
		EFF074482FC329A8001D748E /* VinCo-Icon-Mint.png */ = {isa = PBXFileReference; lastKnownFileType = image.png; path = "VinCo-Icon-Mint.png"; sourceTree = "<group>"; };
		EFF0744A2FC329A8001D748E /* VinCo-Icon-Rose.png */ = {isa = PBXFileReference; lastKnownFileType = image.png; path = "VinCo-Icon-Rose.png"; sourceTree = "<group>"; };
		EFF0744C2FC329A8001D748E /* VinCo-Icon-Lemon.png */ = {isa = PBXFileReference; lastKnownFileType = image.png; path = "VinCo-Icon-Lemon.png"; sourceTree = "<group>"; };
		EFF0744E2FC329A8001D748E /* VinCo-Icon-Coral.png */ = {isa = PBXFileReference; lastKnownFileType = image.png; path = "VinCo-Icon-Coral.png"; sourceTree = "<group>"; };
		EFF074502FC329A8001D748E /* VinCo-Icon-Teal.png */ = {isa = PBXFileReference; lastKnownFileType = image.png; path = "VinCo-Icon-Teal.png"; sourceTree = "<group>"; };
		EFF074522FC329A8001D748E /* VinCo-Icon-Indigo.png */ = {isa = PBXFileReference; lastKnownFileType = image.png; path = "VinCo-Icon-Indigo.png"; sourceTree = "<group>"; };
		EFF074542FC329A8001D748E /* VinCo-Icon-Peach.png */ = {isa = PBXFileReference; lastKnownFileType = image.png; path = "VinCo-Icon-Peach.png"; sourceTree = "<group>"; };
		EFF074562FC329A8001D748E /* VinCo-Icon-Lime.png */ = {isa = PBXFileReference; lastKnownFileType = image.png; path = "VinCo-Icon-Lime.png"; sourceTree = "<group>"; };
		EFF074582FC329A8001D748E /* VinCo-Icon-Lavender.png */ = {isa = PBXFileReference; lastKnownFileType = image.png; path = "VinCo-Icon-Lavender.png"; sourceTree = "<group>"; };
		EFF0745A2FC329A8001D748E /* VinCo-Icon-Crimson.png */ = {isa = PBXFileReference; lastKnownFileType = image.png; path = "VinCo-Icon-Crimson.png"; sourceTree = "<group>"; };
		EFF0745C2FC329A8001D748E /* VinCo-Icon-Turquoise.png */ = {isa = PBXFileReference; lastKnownFileType = image.png; path = "VinCo-Icon-Turquoise.png"; sourceTree = "<group>"; };
		EFF0745E2FC329A8001D748E /* VinCo-Icon-Gold.png */ = {isa = PBXFileReference; lastKnownFileType = image.png; path = "VinCo-Icon-Gold.png"; sourceTree = "<group>"; };
		EFF074602FC329A8001D748E /* VinCo-Icon-Silver.png */ = {isa = PBXFileReference; lastKnownFileType = image.png; path = "VinCo-Icon-Silver.png"; sourceTree = "<group>"; };
/* End PBXFileReference section */

/* Begin PBXFrameworksBuildPhase section */
		EFF072E32FC3279D001D748E /* Frameworks */ = {
			isa = PBXFrameworksBuildPhase;
			buildActionMask = 2147483647;
			files = (
				EFF072F82FC327D1001D748E /* ComposableArchitecture in Frameworks */,
			);
			runOnlyForDeploymentPostprocessing = 0;
		};
/* End PBXFrameworksBuildPhase section */

/* Begin PBXGroup section */
		EFF072DD2FC3279D001D748E = {
			isa = PBXGroup;
			children = (
				EFF073BD2FC32948001D748E /* VinCo */,
				EFF072E72FC3279D001D748E /* Products */,
			);
			sourceTree = "<group>";
		};
		EFF072E72FC3279D001D748E /* Products */ = {
			isa = PBXGroup;
			children = (
				EFF072E62FC3279D001D748E /* VinCo.app */,
			);
			name = Products;
			sourceTree = "<group>";
		};
		EFF073BD2FC32948001D748E /* VinCo */ = {
			isa = PBXGroup;
			children = (
				EFF074002FC329A8001D748E /* {Models,Shared,Clients} */,
				EFF074062FC329A8001D748E /* Clients */,
				EFF0741B2FC329A8001D748E /* Features */,
				EFF0741E2FC329A8001D748E /* Models */,
				EFF074242FC329A8001D748E /* Shared */,
				EFF074252FC329A8001D748E /* VinCoApp.swift */,
				EFF073BB2FC32948001D748E /* Assets.xcassets */,
				EFF074422FC329A8001D748E /* Info.plist */,
				EFF074432FC329A8001D748E /* Icons */,
			);
			path = VinCo;
			sourceTree = "<group>";
		};
		EFF074432FC329A8001D748E /* Icons */ = {
			isa = PBXGroup;
			children = (
				EFF074442FC329A8001D748E /* VinCo-Icon-Sky.png */,
				EFF074462FC329A8001D748E /* VinCo-Icon-Violet.png */,
				EFF074482FC329A8001D748E /* VinCo-Icon-Mint.png */,
				EFF0744A2FC329A8001D748E /* VinCo-Icon-Rose.png */,
				EFF0744C2FC329A8001D748E /* VinCo-Icon-Lemon.png */,
				EFF0744E2FC329A8001D748E /* VinCo-Icon-Coral.png */,
				EFF074502FC329A8001D748E /* VinCo-Icon-Teal.png */,
				EFF074522FC329A8001D748E /* VinCo-Icon-Indigo.png */,
				EFF074542FC329A8001D748E /* VinCo-Icon-Peach.png */,
				EFF074562FC329A8001D748E /* VinCo-Icon-Lime.png */,
				EFF074582FC329A8001D748E /* VinCo-Icon-Lavender.png */,
				EFF0745A2FC329A8001D748E /* VinCo-Icon-Crimson.png */,
				EFF0745C2FC329A8001D748E /* VinCo-Icon-Turquoise.png */,
				EFF0745E2FC329A8001D748E /* VinCo-Icon-Gold.png */,
				EFF074602FC329A8001D748E /* VinCo-Icon-Silver.png */,
			);
			path = Icons;
			sourceTree = "<group>";
		};
		EFF074002FC329A8001D748E /* {Models,Shared,Clients} */ = {
			isa = PBXGroup;
			children = (
			);
			path = "{Models,Shared,Clients}";
			sourceTree = "<group>";
		};
		EFF074062FC329A8001D748E /* Clients */ = {
			isa = PBXGroup;
			children = (
				EFF074012FC329A8001D748E /* AudioPlayer.swift */,
				EFF074022FC329A8001D748E /* CSVExporter.swift */,
				EFF074032FC329A8001D748E /* DiscogsClient.swift */,
				EFF074042FC329A8001D748E /* iTunesClient.swift */,
				EFF074052FC329A8001D748E /* MusicBrainzClient.swift */,
			);
			path = Clients;
			sourceTree = "<group>";
		};
		EFF074072FC329A8001D748E /* {App,Collection,Detail,Edit,Stats,Settings} */ = {
			isa = PBXGroup;
			children = (
			);
			path = "{App,Collection,Detail,Edit,Stats,Settings}";
			sourceTree = "<group>";
		};
		EFF0740A2FC329A8001D748E /* App */ = {
			isa = PBXGroup;
			children = (
				EFF074082FC329A8001D748E /* AppFeature.swift */,
				EFF074092FC329A8001D748E /* AppView.swift */,
			);
			path = App;
			sourceTree = "<group>";
		};
		EFF0740E2FC329A8001D748E /* Collection */ = {
			isa = PBXGroup;
			children = (
				EFF0740B2FC329A8001D748E /* CardView.swift */,
				EFF0740C2FC329A8001D748E /* CollectionFeature.swift */,
				EFF0740D2FC329A8001D748E /* CollectionView.swift */,
			);
			path = Collection;
			sourceTree = "<group>";
		};
		EFF074112FC329A8001D748E /* Detail */ = {
			isa = PBXGroup;
			children = (
				EFF0740F2FC329A8001D748E /* DetailFeature.swift */,
				EFF074102FC329A8001D748E /* DetailView.swift */,
			);
			path = Detail;
			sourceTree = "<group>";
		};
		EFF074142FC329A8001D748E /* Edit */ = {
			isa = PBXGroup;
			children = (
				EFF074122FC329A8001D748E /* EditFeature.swift */,
				EFF074132FC329A8001D748E /* EditView.swift */,
			);
			path = Edit;
			sourceTree = "<group>";
		};
		EFF074172FC329A8001D748E /* Settings */ = {
			isa = PBXGroup;
			children = (
				EFF074152FC329A8001D748E /* SettingsFeature.swift */,
				EFF074162FC329A8001D748E /* SettingsView.swift */,
			);
			path = Settings;
			sourceTree = "<group>";
		};
		EFF0741A2FC329A8001D748E /* Stats */ = {
			isa = PBXGroup;
			children = (
				EFF074182FC329A8001D748E /* StatsFeature.swift */,
				EFF074192FC329A8001D748E /* StatsView.swift */,
			);
			path = Stats;
			sourceTree = "<group>";
		};
		EFF0741B2FC329A8001D748E /* Features */ = {
			isa = PBXGroup;
			children = (
				EFF074072FC329A8001D748E /* {App,Collection,Detail,Edit,Stats,Settings} */,
				EFF0740A2FC329A8001D748E /* App */,
				EFF0740E2FC329A8001D748E /* Collection */,
				EFF074112FC329A8001D748E /* Detail */,
				EFF074142FC329A8001D748E /* Edit */,
				EFF074172FC329A8001D748E /* Settings */,
				EFF0741A2FC329A8001D748E /* Stats */,
			);
			path = Features;
			sourceTree = "<group>";
		};
		EFF0741E2FC329A8001D748E /* Models */ = {
			isa = PBXGroup;
			children = (
				EFF0741C2FC329A8001D748E /* Record.swift */,
				EFF0741D2FC329A8001D748E /* Track.swift */,
			);
			path = Models;
			sourceTree = "<group>";
		};
		EFF074242FC329A8001D748E /* Shared */ = {
			isa = PBXGroup;
			children = (
				EFF0741F2FC329A8001D748E /* AppearanceSetup.swift */,
				EFF074202FC329A8001D748E /* Color+Hex.swift */,
				EFF074412FC329A8001D748E /* ColorExtractor.swift */,
				EFF074212FC329A8001D748E /* Settings.swift */,
				EFF074222FC329A8001D748E /* Theme.swift */,
				EFF074232FC329A8001D748E /* VinylView.swift */,
			);
			path = Shared;
			sourceTree = "<group>";
		};
/* End PBXGroup section */

/* Begin PBXNativeTarget section */
		EFF072E52FC3279D001D748E /* VinCo */ = {
			isa = PBXNativeTarget;
			buildConfigurationList = EFF072F32FC3279E001D748E /* Build configuration list for PBXNativeTarget "VinCo" */;
			buildPhases = (
				EFF072E22FC3279D001D748E /* Sources */,
				EFF072E32FC3279D001D748E /* Frameworks */,
				EFF072E42FC3279D001D748E /* Resources */,
			);
			buildRules = (
			);
			dependencies = (
			);
			name = VinCo;
			packageProductDependencies = (
				EFF072F72FC327D1001D748E /* ComposableArchitecture */,
			);
			productName = VinCo;
			productReference = EFF072E62FC3279D001D748E /* VinCo.app */;
			productType = "com.apple.product-type.application";
		};
/* End PBXNativeTarget section */

/* Begin PBXProject section */
		EFF072DE2FC3279D001D748E /* Project object */ = {
			isa = PBXProject;
			attributes = {
				BuildIndependentTargetsInParallel = 1;
				LastSwiftUpdateCheck = 2650;
				LastUpgradeCheck = 2650;
				TargetAttributes = {
					EFF072E52FC3279D001D748E = {
						CreatedOnToolsVersion = 26.5;
					};
				};
			};
			buildConfigurationList = EFF072E12FC3279D001D748E /* Build configuration list for PBXProject "VinCo" */;
			developmentRegion = en;
			hasScannedForEncodings = 0;
			knownRegions = (
				en,
				Base,
			);
			mainGroup = EFF072DD2FC3279D001D748E;
			minimizedProjectReferenceProxies = 1;
			packageReferences = (
				EFF072F62FC327D1001D748E /* XCRemoteSwiftPackageReference "swift-composable-architecture" */,
			);
			preferredProjectObjectVersion = 77;
			productRefGroup = EFF072E72FC3279D001D748E /* Products */;
			projectDirPath = "";
			projectRoot = "";
			targets = (
				EFF072E52FC3279D001D748E /* VinCo */,
			);
		};
/* End PBXProject section */

/* Begin PBXResourcesBuildPhase section */
		EFF072E42FC3279D001D748E /* Resources */ = {
			isa = PBXResourcesBuildPhase;
			buildActionMask = 2147483647;
			files = (
				EFF073BE2FC32948001D748E /* Assets.xcassets in Resources */,
				EFF074452FC329A8001D748E /* VinCo-Icon-Sky.png in Resources */,
				EFF074472FC329A8001D748E /* VinCo-Icon-Violet.png in Resources */,
				EFF074492FC329A8001D748E /* VinCo-Icon-Mint.png in Resources */,
				EFF0744B2FC329A8001D748E /* VinCo-Icon-Rose.png in Resources */,
				EFF0744D2FC329A8001D748E /* VinCo-Icon-Lemon.png in Resources */,
				EFF0744F2FC329A8001D748E /* VinCo-Icon-Coral.png in Resources */,
				EFF074512FC329A8001D748E /* VinCo-Icon-Teal.png in Resources */,
				EFF074532FC329A8001D748E /* VinCo-Icon-Indigo.png in Resources */,
				EFF074552FC329A8001D748E /* VinCo-Icon-Peach.png in Resources */,
				EFF074572FC329A8001D748E /* VinCo-Icon-Lime.png in Resources */,
				EFF074592FC329A8001D748E /* VinCo-Icon-Lavender.png in Resources */,
				EFF0745B2FC329A8001D748E /* VinCo-Icon-Crimson.png in Resources */,
				EFF0745D2FC329A8001D748E /* VinCo-Icon-Turquoise.png in Resources */,
				EFF0745F2FC329A8001D748E /* VinCo-Icon-Gold.png in Resources */,
				EFF074612FC329A8001D748E /* VinCo-Icon-Silver.png in Resources */,
			);
			runOnlyForDeploymentPostprocessing = 0;
		};
/* End PBXResourcesBuildPhase section */

/* Begin PBXSourcesBuildPhase section */
		EFF072E22FC3279D001D748E /* Sources */ = {
			isa = PBXSourcesBuildPhase;
			buildActionMask = 2147483647;
			files = (
				EFF074262FC329A8001D748E /* CollectionView.swift in Sources */,
				EFF074272FC329A8001D748E /* AppFeature.swift in Sources */,
				EFF074282FC329A8001D748E /* CSVExporter.swift in Sources */,
				EFF074292FC329A8001D748E /* iTunesClient.swift in Sources */,
				EFF0742A2FC329A8001D748E /* Theme.swift in Sources */,
				EFF0742B2FC329A8001D748E /* Record.swift in Sources */,
				EFF0742C2FC329A8001D748E /* AudioPlayer.swift in Sources */,
				EFF0742D2FC329A8001D748E /* SettingsView.swift in Sources */,
				EFF0742E2FC329A8001D748E /* StatsFeature.swift in Sources */,
				EFF0742F2FC329A8001D748E /* MusicBrainzClient.swift in Sources */,
				EFF074302FC329A8001D748E /* EditView.swift in Sources */,
				EFF074312FC329A8001D748E /* VinylView.swift in Sources */,
				EFF074322FC329A8001D748E /* AppearanceSetup.swift in Sources */,
				EFF074332FC329A8001D748E /* SettingsFeature.swift in Sources */,
				EFF074342FC329A8001D748E /* VinCoApp.swift in Sources */,
				EFF074352FC329A8001D748E /* Settings.swift in Sources */,
				EFF074362FC329A8001D748E /* DetailView.swift in Sources */,
				EFF074372FC329A8001D748E /* DetailFeature.swift in Sources */,
				EFF074382FC329A8001D748E /* CardView.swift in Sources */,
				EFF074392FC329A8001D748E /* AppView.swift in Sources */,
				EFF0743A2FC329A8001D748E /* DiscogsClient.swift in Sources */,
				EFF0743B2FC329A8001D748E /* Track.swift in Sources */,
				EFF0743C2FC329A8001D748E /* Color+Hex.swift in Sources */,
				EFF0743D2FC329A8001D748E /* StatsView.swift in Sources */,
				EFF0743E2FC329A8001D748E /* CollectionFeature.swift in Sources */,
				EFF0743F2FC329A8001D748E /* EditFeature.swift in Sources */,
				EFF074402FC329A8001D748E /* ColorExtractor.swift in Sources */,
			);
			runOnlyForDeploymentPostprocessing = 0;
		};
/* End PBXSourcesBuildPhase section */

/* Begin XCBuildConfiguration section */
		EFF072F12FC3279E001D748E /* Debug */ = {
			isa = XCBuildConfiguration;
			buildSettings = {
				ALWAYS_SEARCH_USER_PATHS = NO;
				ASSETCATALOG_COMPILER_GENERATE_SWIFT_ASSET_SYMBOL_EXTENSIONS = YES;
				CLANG_ANALYZER_NONNULL = YES;
				CLANG_ANALYZER_NUMBER_OBJECT_CONVERSION = YES_AGGRESSIVE;
				CLANG_CXX_LANGUAGE_STANDARD = "gnu++20";
				CLANG_ENABLE_MODULES = YES;
				CLANG_ENABLE_OBJC_ARC = YES;
				CLANG_ENABLE_OBJC_WEAK = YES;
				CLANG_WARN_BLOCK_CAPTURE_AUTORELEASING = YES;
				CLANG_WARN_BOOL_CONVERSION = YES;
				CLANG_WARN_COMMA = YES;
				CLANG_WARN_CONSTANT_CONVERSION = YES;
				CLANG_WARN_DEPRECATED_OBJC_IMPLEMENTATIONS = YES;
				CLANG_WARN_DIRECT_OBJC_ISA_USAGE = YES_ERROR;
				CLANG_WARN_DOCUMENTATION_COMMENTS = YES;
				CLANG_WARN_EMPTY_BODY = YES;
				CLANG_WARN_ENUM_CONVERSION = YES;
				CLANG_WARN_INFINITE_RECURSION = YES;
				CLANG_WARN_INT_CONVERSION = YES;
				CLANG_WARN_NON_LITERAL_NULL_CONVERSION = YES;
				CLANG_WARN_OBJC_IMPLICIT_RETAIN_SELF = YES;
				CLANG_WARN_OBJC_LITERAL_CONVERSION = YES;
				CLANG_WARN_OBJC_ROOT_CLASS = YES_ERROR;
				CLANG_WARN_QUOTED_INCLUDE_IN_FRAMEWORK_HEADER = YES;
				CLANG_WARN_RANGE_LOOP_ANALYSIS = YES;
				CLANG_WARN_STRICT_PROTOTYPES = YES;
				CLANG_WARN_SUSPICIOUS_MOVE = YES;
				CLANG_WARN_UNGUARDED_AVAILABILITY = YES_AGGRESSIVE;
				CLANG_WARN_UNREACHABLE_CODE = YES;
				CLANG_WARN__DUPLICATE_METHOD_MATCH = YES;
				COPY_PHASE_STRIP = NO;
				DEBUG_INFORMATION_FORMAT = dwarf;
				DEVELOPMENT_TEAM = YD4AUPPFLH;
				ENABLE_STRICT_OBJC_MSGSEND = YES;
				ENABLE_TESTABILITY = YES;
				ENABLE_USER_SCRIPT_SANDBOXING = YES;
				GCC_C_LANGUAGE_STANDARD = gnu17;
				GCC_DYNAMIC_NO_PIC = NO;
				GCC_NO_COMMON_BLOCKS = YES;
				GCC_OPTIMIZATION_LEVEL = 0;
				GCC_PREPROCESSOR_DEFINITIONS = (
					"DEBUG=1",
					"$(inherited)",
				);
				GCC_WARN_64_TO_32_BIT_CONVERSION = YES;
				GCC_WARN_ABOUT_RETURN_TYPE = YES_ERROR;
				GCC_WARN_UNDECLARED_SELECTOR = YES;
				GCC_WARN_UNINITIALIZED_AUTOS = YES_AGGRESSIVE;
				GCC_WARN_UNUSED_FUNCTION = YES;
				GCC_WARN_UNUSED_VARIABLE = YES;
				IPHONEOS_DEPLOYMENT_TARGET = 26.5;
				LOCALIZATION_PREFERS_STRING_CATALOGS = YES;
				MTL_ENABLE_DEBUG_INFO = INCLUDE_SOURCE;
				MTL_FAST_MATH = YES;
				ONLY_ACTIVE_ARCH = YES;
				SDKROOT = iphoneos;
				SWIFT_ACTIVE_COMPILATION_CONDITIONS = "DEBUG $(inherited)";
				SWIFT_OPTIMIZATION_LEVEL = "-Onone";
			};
			name = Debug;
		};
		EFF072F22FC3279E001D748E /* Release */ = {
			isa = XCBuildConfiguration;
			buildSettings = {
				ALWAYS_SEARCH_USER_PATHS = NO;
				ASSETCATALOG_COMPILER_GENERATE_SWIFT_ASSET_SYMBOL_EXTENSIONS = YES;
				CLANG_ANALYZER_NONNULL = YES;
				CLANG_ANALYZER_NUMBER_OBJECT_CONVERSION = YES_AGGRESSIVE;
				CLANG_CXX_LANGUAGE_STANDARD = "gnu++20";
				CLANG_ENABLE_MODULES = YES;
				CLANG_ENABLE_OBJC_ARC = YES;
				CLANG_ENABLE_OBJC_WEAK = YES;
				CLANG_WARN_BLOCK_CAPTURE_AUTORELEASING = YES;
				CLANG_WARN_BOOL_CONVERSION = YES;
				CLANG_WARN_COMMA = YES;
				CLANG_WARN_CONSTANT_CONVERSION = YES;
				CLANG_WARN_DEPRECATED_OBJC_IMPLEMENTATIONS = YES;
				CLANG_WARN_DIRECT_OBJC_ISA_USAGE = YES_ERROR;
				CLANG_WARN_DOCUMENTATION_COMMENTS = YES;
				CLANG_WARN_EMPTY_BODY = YES;
				CLANG_WARN_ENUM_CONVERSION = YES;
				CLANG_WARN_INFINITE_RECURSION = YES;
				CLANG_WARN_INT_CONVERSION = YES;
				CLANG_WARN_NON_LITERAL_NULL_CONVERSION = YES;
				CLANG_WARN_OBJC_IMPLICIT_RETAIN_SELF = YES;
				CLANG_WARN_OBJC_LITERAL_CONVERSION = YES;
				CLANG_WARN_OBJC_ROOT_CLASS = YES_ERROR;
				CLANG_WARN_QUOTED_INCLUDE_IN_FRAMEWORK_HEADER = YES;
				CLANG_WARN_RANGE_LOOP_ANALYSIS = YES;
				CLANG_WARN_STRICT_PROTOTYPES = YES;
				CLANG_WARN_SUSPICIOUS_MOVE = YES;
				CLANG_WARN_UNGUARDED_AVAILABILITY = YES_AGGRESSIVE;
				CLANG_WARN_UNREACHABLE_CODE = YES;
				CLANG_WARN__DUPLICATE_METHOD_MATCH = YES;
				COPY_PHASE_STRIP = NO;
				DEBUG_INFORMATION_FORMAT = "dwarf-with-dsym";
				DEVELOPMENT_TEAM = YD4AUPPFLH;
				ENABLE_NS_ASSERTIONS = NO;
				ENABLE_STRICT_OBJC_MSGSEND = YES;
				ENABLE_USER_SCRIPT_SANDBOXING = YES;
				GCC_C_LANGUAGE_STANDARD = gnu17;
				GCC_NO_COMMON_BLOCKS = YES;
				GCC_WARN_64_TO_32_BIT_CONVERSION = YES;
				GCC_WARN_ABOUT_RETURN_TYPE = YES_ERROR;
				GCC_WARN_UNDECLARED_SELECTOR = YES;
				GCC_WARN_UNINITIALIZED_AUTOS = YES_AGGRESSIVE;
				GCC_WARN_UNUSED_FUNCTION = YES;
				GCC_WARN_UNUSED_VARIABLE = YES;
				IPHONEOS_DEPLOYMENT_TARGET = 26.5;
				LOCALIZATION_PREFERS_STRING_CATALOGS = YES;
				MTL_ENABLE_DEBUG_INFO = NO;
				MTL_FAST_MATH = YES;
				SDKROOT = iphoneos;
				SWIFT_COMPILATION_MODE = wholemodule;
				VALIDATE_PRODUCT = YES;
			};
			name = Release;
		};
		EFF072F42FC3279E001D748E /* Debug */ = {
			isa = XCBuildConfiguration;
			buildSettings = {
				ASSETCATALOG_COMPILER_APPICON_NAME = AppIcon;
				ASSETCATALOG_COMPILER_GLOBAL_ACCENT_COLOR_NAME = AccentColor;
				CODE_SIGN_STYLE = Automatic;
				CURRENT_PROJECT_VERSION = 1;
				DEVELOPMENT_TEAM = YD4AUPPFLH;
				ENABLE_PREVIEWS = YES;
				INFOPLIST_FILE = VinCo/Info.plist;
				LD_RUNPATH_SEARCH_PATHS = (
					"$(inherited)",
					"@executable_path/Frameworks",
				);
				MARKETING_VERSION = 1.0;
				PRODUCT_BUNDLE_IDENTIFIER = "Bojan-Reuffurth.VinCo";
				PRODUCT_NAME = "$(TARGET_NAME)";
				STRING_CATALOG_GENERATE_SYMBOLS = YES;
				SWIFT_APPROACHABLE_CONCURRENCY = YES;
				SWIFT_DEFAULT_ACTOR_ISOLATION = MainActor;
				SWIFT_EMIT_LOC_STRINGS = YES;
				SWIFT_UPCOMING_FEATURE_MEMBER_IMPORT_VISIBILITY = YES;
				SWIFT_VERSION = 5.0;
				TARGETED_DEVICE_FAMILY = "1,2";
			};
			name = Debug;
		};
		EFF072F52FC3279E001D748E /* Release */ = {
			isa = XCBuildConfiguration;
			buildSettings = {
				ASSETCATALOG_COMPILER_APPICON_NAME = AppIcon;
				ASSETCATALOG_COMPILER_GLOBAL_ACCENT_COLOR_NAME = AccentColor;
				CODE_SIGN_STYLE = Automatic;
				CURRENT_PROJECT_VERSION = 1;
				DEVELOPMENT_TEAM = YD4AUPPFLH;
				ENABLE_PREVIEWS = YES;
				INFOPLIST_FILE = VinCo/Info.plist;
				LD_RUNPATH_SEARCH_PATHS = (
					"$(inherited)",
					"@executable_path/Frameworks",
				);
				MARKETING_VERSION = 1.0;
				PRODUCT_BUNDLE_IDENTIFIER = "Bojan-Reuffurth.VinCo";
				PRODUCT_NAME = "$(TARGET_NAME)";
				STRING_CATALOG_GENERATE_SYMBOLS = YES;
				SWIFT_APPROACHABLE_CONCURRENCY = YES;
				SWIFT_DEFAULT_ACTOR_ISOLATION = MainActor;
				SWIFT_EMIT_LOC_STRINGS = YES;
				SWIFT_UPCOMING_FEATURE_MEMBER_IMPORT_VISIBILITY = YES;
				SWIFT_VERSION = 5.0;
				TARGETED_DEVICE_FAMILY = "1,2";
			};
			name = Release;
		};
/* End XCBuildConfiguration section */

/* Begin XCConfigurationList section */
		EFF072E12FC3279D001D748E /* Build configuration list for PBXProject "VinCo" */ = {
			isa = XCConfigurationList;
			buildConfigurations = (
				EFF072F12FC3279E001D748E /* Debug */,
				EFF072F22FC3279E001D748E /* Release */,
			);
			defaultConfigurationIsVisible = 0;
			defaultConfigurationName = Release;
		};
		EFF072F32FC3279E001D748E /* Build configuration list for PBXNativeTarget "VinCo" */ = {
			isa = XCConfigurationList;
			buildConfigurations = (
				EFF072F42FC3279E001D748E /* Debug */,
				EFF072F52FC3279E001D748E /* Release */,
			);
			defaultConfigurationIsVisible = 0;
			defaultConfigurationName = Release;
		};
/* End XCConfigurationList section */

/* Begin XCRemoteSwiftPackageReference section */
		EFF072F62FC327D1001D748E /* XCRemoteSwiftPackageReference "swift-composable-architecture" */ = {
			isa = XCRemoteSwiftPackageReference;
			repositoryURL = "https://github.com/pointfreeco/swift-composable-architecture";
			requirement = {
				kind = upToNextMajorVersion;
				minimumVersion = 1.0.0;
			};
		};
/* End XCRemoteSwiftPackageReference section */

/* Begin XCSwiftPackageProductDependency section */
		EFF072F72FC327D1001D748E /* ComposableArchitecture */ = {
			isa = XCSwiftPackageProductDependency;
			package = EFF072F62FC327D1001D748E /* XCRemoteSwiftPackageReference "swift-composable-architecture" */;
			productName = ComposableArchitecture;
		};
/* End XCSwiftPackageProductDependency section */
	};
	rootObject = EFF072DE2FC3279D001D748E /* Project object */;
}
